// !$*UTF8*$!
{
	archiveVersion = 1;
	classes = {
	};
	objectVersion = 46;
	objects = {

/* Begin PBXBuildFile section */
		A10AE1551EAE5F3200AD29E2 /* main.m in Sources */ = {isa = PBXBuildFile; fileRef = A10AE1541EAE5F3200AD29E2 /* main.m */; };
		A10AE1581EAE5F3200AD29E2 /* AppDelegate.m in Sources */ = {isa = PBXBuildFile; fileRef = A10AE1571EAE5F3200AD29E2 /* AppDelegate.m */; };
		A10AE15B1EAE5F3200AD29E2 /* ViewController.m in Sources */ = {isa = PBXBuildFile; fileRef = A10AE15A1EAE5F3200AD29E2 /* ViewController.m */; };
		A10AE1611EAE5F3200AD29E2 /* CoreDataHotel.xcdatamodeld in Sources */ = {isa = PBXBuildFile; fileRef = A10AE15F1EAE5F3200AD29E2 /* CoreDataHotel.xcdatamodeld */; };
		A10AE1631EAE5F3200AD29E2 /* Assets.xcassets in Resources */ = {isa = PBXBuildFile; fileRef = A10AE1621EAE5F3200AD29E2 /* Assets.xcassets */; };
		A10AE1661EAE5F3200AD29E2 /* LaunchScreen.storyboard in Resources */ = {isa = PBXBuildFile; fileRef = A10AE1641EAE5F3200AD29E2 /* LaunchScreen.storyboard */; };
		A10AE16F1EAE6D2F00AD29E2 /* AutoLayout.m in Sources */ = {isa = PBXBuildFile; fileRef = A10AE16E1EAE6D2F00AD29E2 /* AutoLayout.m */; };
		A10AE1711EAE954100AD29E2 /* hotels.json in Resources */ = {isa = PBXBuildFile; fileRef = A10AE1701EAE954100AD29E2 /* hotels.json */; };
		A10AE1731EAE955100AD29E2 /* hotel.png in Resources */ = {isa = PBXBuildFile; fileRef = A10AE1721EAE955100AD29E2 /* hotel.png */; };
		A10AE1751EAE955800AD29E2 /* room.png in Resources */ = {isa = PBXBuildFile; fileRef = A10AE1741EAE955800AD29E2 /* room.png */; };
		A10AE1781EAEA48C00AD29E2 /* HotelsViewController.m in Sources */ = {isa = PBXBuildFile; fileRef = A10AE1771EAEA48C00AD29E2 /* HotelsViewController.m */; };
		A10FAB2C1EAFBCC30017159E /* DatePickerViewController.m in Sources */ = {isa = PBXBuildFile; fileRef = A10FAB2B1EAFBCC30017159E /* DatePickerViewController.m */; };
		A10FAB2F1EAFCF9A0017159E /* AvailabilityViewController.m in Sources */ = {isa = PBXBuildFile; fileRef = A10FAB2E1EAFCF9A0017159E /* AvailabilityViewController.m */; };
		A1358A7E1EAEFE3000E95214 /* RoomsViewController.m in Sources */ = {isa = PBXBuildFile; fileRef = A1358A7D1EAEFE3000E95214 /* RoomsViewController.m */; };
/* End PBXBuildFile section */

/* Begin PBXFileReference section */
		A10AE1501EAE5F3200AD29E2 /* CoreDataHotel.app */ = {isa = PBXFileReference; explicitFileType = wrapper.application; includeInIndex = 0; path = CoreDataHotel.app; sourceTree = BUILT_PRODUCTS_DIR; };
		A10AE1541EAE5F3200AD29E2 /* main.m */ = {isa = PBXFileReference; lastKnownFileType = sourcecode.c.objc; path = main.m; sourceTree = "<group>"; };
		A10AE1561EAE5F3200AD29E2 /* AppDelegate.h */ = {isa = PBXFileReference; lastKnownFileType = sourcecode.c.h; path = AppDelegate.h; sourceTree = "<group>"; };
		A10AE1571EAE5F3200AD29E2 /* AppDelegate.m */ = {isa = PBXFileReference; lastKnownFileType = sourcecode.c.objc; path = AppDelegate.m; sourceTree = "<group>"; };
		A10AE1591EAE5F3200AD29E2 /* ViewController.h */ = {isa = PBXFileReference; lastKnownFileType = sourcecode.c.h; path = ViewController.h; sourceTree = "<group>"; };
		A10AE15A1EAE5F3200AD29E2 /* ViewController.m */ = {isa = PBXFileReference; lastKnownFileType = sourcecode.c.objc; path = ViewController.m; sourceTree = "<group>"; };
		A10AE1601EAE5F3200AD29E2 /* CoreDataHotel.xcdatamodel */ = {isa = PBXFileReference; lastKnownFileType = wrapper.xcdatamodel; path = CoreDataHotel.xcdatamodel; sourceTree = "<group>"; };
		A10AE1621EAE5F3200AD29E2 /* Assets.xcassets */ = {isa = PBXFileReference; lastKnownFileType = folder.assetcatalog; path = Assets.xcassets; sourceTree = "<group>"; };
		A10AE1651EAE5F3200AD29E2 /* Base */ = {isa = PBXFileReference; lastKnownFileType = file.storyboard; name = Base; path = Base.lproj/LaunchScreen.storyboard; sourceTree = "<group>"; };
		A10AE1671EAE5F3200AD29E2 /* Info.plist */ = {isa = PBXFileReference; lastKnownFileType = text.plist.xml; path = Info.plist; sourceTree = "<group>"; };
		A10AE16D1EAE6D2F00AD29E2 /* AutoLayout.h */ = {isa = PBXFileReference; fileEncoding = 4; lastKnownFileType = sourcecode.c.h; path = AutoLayout.h; sourceTree = "<group>"; };
		A10AE16E1EAE6D2F00AD29E2 /* AutoLayout.m */ = {isa = PBXFileReference; fileEncoding = 4; lastKnownFileType = sourcecode.c.objc; path = AutoLayout.m; sourceTree = "<group>"; };
		A10AE1701EAE954100AD29E2 /* hotels.json */ = {isa = PBXFileReference; fileEncoding = 4; lastKnownFileType = text.json; name = hotels.json; path = "../../../seattle-iOS-401d8/07-core-data-hotel/class-31/lab-resources/hotels.json"; sourceTree = "<group>"; };
		A10AE1721EAE955100AD29E2 /* hotel.png */ = {isa = PBXFileReference; lastKnownFileType = image.png; name = hotel.png; path = "../../../seattle-iOS-401d8/07-core-data-hotel/class-31/lab-resources/hotel.png"; sourceTree = "<group>"; };
		A10AE1741EAE955800AD29E2 /* room.png */ = {isa = PBXFileReference; lastKnownFileType = image.png; name = room.png; path = "../../../seattle-iOS-401d8/07-core-data-hotel/class-31/lab-resources/room.png"; sourceTree = "<group>"; };
		A10AE1761EAEA48C00AD29E2 /* HotelsViewController.h */ = {isa = PBXFileReference; fileEncoding = 4; lastKnownFileType = sourcecode.c.h; path = HotelsViewController.h; sourceTree = "<group>"; };
		A10AE1771EAEA48C00AD29E2 /* HotelsViewController.m */ = {isa = PBXFileReference; fileEncoding = 4; lastKnownFileType = sourcecode.c.objc; path = HotelsViewController.m; sourceTree = "<group>"; };
		A10FAB2A1EAFBCC30017159E /* DatePickerViewController.h */ = {isa = PBXFileReference; fileEncoding = 4; lastKnownFileType = sourcecode.c.h; path = DatePickerViewController.h; sourceTree = "<group>"; };
		A10FAB2B1EAFBCC30017159E /* DatePickerViewController.m */ = {isa = PBXFileReference; fileEncoding = 4; lastKnownFileType = sourcecode.c.objc; path = DatePickerViewController.m; sourceTree = "<group>"; };
		A10FAB2D1EAFCF9A0017159E /* AvailabilityViewController.h */ = {isa = PBXFileReference; fileEncoding = 4; lastKnownFileType = sourcecode.c.h; path = AvailabilityViewController.h; sourceTree = "<group>"; };
		A10FAB2E1EAFCF9A0017159E /* AvailabilityViewController.m */ = {isa = PBXFileReference; fileEncoding = 4; lastKnownFileType = sourcecode.c.objc; path = AvailabilityViewController.m; sourceTree = "<group>"; };
		A1358A7C1EAEFE3000E95214 /* RoomsViewController.h */ = {isa = PBXFileReference; fileEncoding = 4; lastKnownFileType = sourcecode.c.h; path = RoomsViewController.h; sourceTree = "<group>"; };
		A1358A7D1EAEFE3000E95214 /* RoomsViewController.m */ = {isa = PBXFileReference; fileEncoding = 4; lastKnownFileType = sourcecode.c.objc; path = RoomsViewController.m; sourceTree = "<group>"; };
/* End PBXFileReference section */

/* Begin PBXFrameworksBuildPhase section */
		A10AE14D1EAE5F3200AD29E2 /* Frameworks */ = {
			isa = PBXFrameworksBuildPhase;
			buildActionMask = 2147483647;
			files = (
			);
			runOnlyForDeploymentPostprocessing = 0;
		};
/* End PBXFrameworksBuildPhase section */

/* Begin PBXGroup section */
		A10AE1471EAE5F3200AD29E2 = {
			isa = PBXGroup;
			children = (
				A10FAB2A1EAFBCC30017159E /* DatePickerViewController.h */,
				A10FAB2B1EAFBCC30017159E /* DatePickerViewController.m */,
				A10AE1521EAE5F3200AD29E2 /* CoreDataHotel */,
				A10AE1511EAE5F3200AD29E2 /* Products */,
			);
			sourceTree = "<group>";
		};
		A10AE1511EAE5F3200AD29E2 /* Products */ = {
			isa = PBXGroup;
			children = (
				A10AE1501EAE5F3200AD29E2 /* CoreDataHotel.app */,
			);
			name = Products;
			sourceTree = "<group>";
		};
		A10AE1521EAE5F3200AD29E2 /* CoreDataHotel */ = {
			isa = PBXGroup;
			children = (
				A10AE1561EAE5F3200AD29E2 /* AppDelegate.h */,
				A10AE1571EAE5F3200AD29E2 /* AppDelegate.m */,
				A1358A7C1EAEFE3000E95214 /* RoomsViewController.h */,
				A1358A7D1EAEFE3000E95214 /* RoomsViewController.m */,
				A10AE1591EAE5F3200AD29E2 /* ViewController.h */,
				A10AE15A1EAE5F3200AD29E2 /* ViewController.m */,
				A10FAB2D1EAFCF9A0017159E /* AvailabilityViewController.h */,
				A10FAB2E1EAFCF9A0017159E /* AvailabilityViewController.m */,
				A10AE1761EAEA48C00AD29E2 /* HotelsViewController.h */,
				A10AE1771EAEA48C00AD29E2 /* HotelsViewController.m */,
				A10AE16D1EAE6D2F00AD29E2 /* AutoLayout.h */,
				A10AE1741EAE955800AD29E2 /* room.png */,
				A10AE1701EAE954100AD29E2 /* hotels.json */,
				A10AE1721EAE955100AD29E2 /* hotel.png */,
				A10AE16E1EAE6D2F00AD29E2 /* AutoLayout.m */,
				A10AE1621EAE5F3200AD29E2 /* Assets.xcassets */,
				A10AE1641EAE5F3200AD29E2 /* LaunchScreen.storyboard */,
				A10AE1671EAE5F3200AD29E2 /* Info.plist */,
				A10AE15F1EAE5F3200AD29E2 /* CoreDataHotel.xcdatamodeld */,
				A10AE1531EAE5F3200AD29E2 /* Supporting Files */,
			);
			path = CoreDataHotel;
			sourceTree = "<group>";
		};
		A10AE1531EAE5F3200AD29E2 /* Supporting Files */ = {
			isa = PBXGroup;
			children = (
				A10AE1541EAE5F3200AD29E2 /* main.m */,
			);
			name = "Supporting Files";
			sourceTree = "<group>";
		};
/* End PBXGroup section */

/* Begin PBXNativeTarget section */
		A10AE14F1EAE5F3200AD29E2 /* CoreDataHotel */ = {
			isa = PBXNativeTarget;
			buildConfigurationList = A10AE16A1EAE5F3200AD29E2 /* Build configuration list for PBXNativeTarget "CoreDataHotel" */;
			buildPhases = (
				A10AE14C1EAE5F3200AD29E2 /* Sources */,
				A10AE14D1EAE5F3200AD29E2 /* Frameworks */,
				A10AE14E1EAE5F3200AD29E2 /* Resources */,
			);
			buildRules = (
			);
			dependencies = (
			);
			name = CoreDataHotel;
			productName = CoreDataHotel;
			productReference = A10AE1501EAE5F3200AD29E2 /* CoreDataHotel.app */;
			productType = "com.apple.product-type.application";
		};
/* End PBXNativeTarget section */

/* Begin PBXProject section */
		A10AE1481EAE5F3200AD29E2 /* Project object */ = {
			isa = PBXProject;
			attributes = {
				LastUpgradeCheck = 0830;
				ORGANIZATIONNAME = "David Porter";
				TargetAttributes = {
					A10AE14F1EAE5F3200AD29E2 = {
						CreatedOnToolsVersion = 8.3.2;
						DevelopmentTeam = AB9NKXMTZH;
						ProvisioningStyle = Automatic;
					};
				};
			};
			buildConfigurationList = A10AE14B1EAE5F3200AD29E2 /* Build configuration list for PBXProject "CoreDataHotel" */;
			compatibilityVersion = "Xcode 3.2";
			developmentRegion = English;
			hasScannedForEncodings = 0;
			knownRegions = (
				en,
				Base,
			);
			mainGroup = A10AE1471EAE5F3200AD29E2;
			productRefGroup = A10AE1511EAE5F3200AD29E2 /* Products */;
			projectDirPath = "";
			projectRoot = "";
			targets = (
				A10AE14F1EAE5F3200AD29E2 /* CoreDataHotel */,
			);
		};
/* End PBXProject section */

/* Begin PBXResourcesBuildPhase section */
		A10AE14E1EAE5F3200AD29E2 /* Resources */ = {
			isa = PBXResourcesBuildPhase;
			buildActionMask = 2147483647;
			files = (
				A10AE1731EAE955100AD29E2 /* hotel.png in Resources */,
				A10AE1751EAE955800AD29E2 /* room.png in Resources */,
				A10AE1711EAE954100AD29E2 /* hotels.json in Resources */,
				A10AE1661EAE5F3200AD29E2 /* LaunchScreen.storyboard in Resources */,
				A10AE1631EAE5F3200AD29E2 /* Assets.xcassets in Resources */,
			);
			runOnlyForDeploymentPostprocessing = 0;
		};
/* End PBXResourcesBuildPhase section */

/* Begin PBXSourcesBuildPhase section */
		A10AE14C1EAE5F3200AD29E2 /* Sources */ = {
			isa = PBXSourcesBuildPhase;
			buildActionMask = 2147483647;
			files = (
				A10FAB2C1EAFBCC30017159E /* DatePickerViewController.m in Sources */,
				A10AE15B1EAE5F3200AD29E2 /* ViewController.m in Sources */,
				A10AE1611EAE5F3200AD29E2 /* CoreDataHotel.xcdatamodeld in Sources */,
				A10AE1581EAE5F3200AD29E2 /* AppDelegate.m in Sources */,
				A10FAB2F1EAFCF9A0017159E /* AvailabilityViewController.m in Sources */,
				A10AE1781EAEA48C00AD29E2 /* HotelsViewController.m in Sources */,
				A1358A7E1EAEFE3000E95214 /* RoomsViewController.m in Sources */,
				A10AE1551EAE5F3200AD29E2 /* main.m in Sources */,
				A10AE16F1EAE6D2F00AD29E2 /* AutoLayout.m in Sources */,
			);
			runOnlyForDeploymentPostprocessing = 0;
		};
/* End PBXSourcesBuildPhase section */

/* Begin PBXVariantGroup section */
		A10AE1641EAE5F3200AD29E2 /* LaunchScreen.storyboard */ = {
			isa = PBXVariantGroup;
			children = (
				A10AE1651EAE5F3200AD29E2 /* Base */,
			);
			name = LaunchScreen.storyboard;
			sourceTree = "<group>";
		};
/* End PBXVariantGroup section */

/* Begin XCBuildConfiguration section */
		A10AE1681EAE5F3200AD29E2 /* Debug */ = {
			isa = XCBuildConfiguration;
			buildSettings = {
				ALWAYS_SEARCH_USER_PATHS = NO;
				CLANG_ANALYZER_NONNULL = YES;
				CLANG_ANALYZER_NUMBER_OBJECT_CONVERSION = YES_AGGRESSIVE;
				CLANG_CXX_LANGUAGE_STANDARD = "gnu++0x";
				CLANG_CXX_LIBRARY = "libc++";
				CLANG_ENABLE_MODULES = YES;
				CLANG_ENABLE_OBJC_ARC = YES;
				CLANG_WARN_BOOL_CONVERSION = YES;
				CLANG_WARN_CONSTANT_CONVERSION = YES;
				CLANG_WARN_DIRECT_OBJC_ISA_USAGE = YES_ERROR;
				CLANG_WARN_DOCUMENTATION_COMMENTS = YES;
				CLANG_WARN_EMPTY_BODY = YES;
				CLANG_WARN_ENUM_CONVERSION = YES;
				CLANG_WARN_INFINITE_RECURSION = YES;
				CLANG_WARN_INT_CONVERSION = YES;
				CLANG_WARN_OBJC_ROOT_CLASS = YES_ERROR;
				CLANG_WARN_SUSPICIOUS_MOVE = YES;
				CLANG_WARN_UNREACHABLE_CODE = YES;
				CLANG_WARN__DUPLICATE_METHOD_MATCH = YES;
				"CODE_SIGN_IDENTITY[sdk=iphoneos*]" = "iPhone Developer";
				COPY_PHASE_STRIP = NO;
				DEBUG_INFORMATION_FORMAT = dwarf;
				ENABLE_STRICT_OBJC_MSGSEND = YES;
				ENABLE_TESTABILITY = YES;
				GCC_C_LANGUAGE_STANDARD = gnu99;
				GCC_DYNAMIC_NO_PIC = NO;
				GCC_NO_COMMON_BLOCKS = YES;
				GCC_OPTIMIZATION_LEVEL = 0;
				GCC_PREPROCESSOR_DEFINITIONS = (
					"DEBUG=1",
					"$(inherited)",
				);
				GCC_WARN_64_TO_32_BIT_CONVERSION = YES;
				GCC_WARN_ABOUT_RETURN_TYPE = YES_ERROR;
				GCC_WARN_UNDECLARED_SELECTOR = YES;
				GCC_WARN_UNINITIALIZED_AUTOS = YES_AGGRESSIVE;
				GCC_WARN_UNUSED_FUNCTION = YES;
				GCC_WARN_UNUSED_VARIABLE = YES;
				IPHONEOS_DEPLOYMENT_TARGET = 10.3;
				MTL_ENABLE_DEBUG_INFO = YES;
				ONLY_ACTIVE_ARCH = YES;
				SDKROOT = iphoneos;
				TARGETED_DEVICE_FAMILY = "1,2";
			};
			name = Debug;
		};
		A10AE1691EAE5F3200AD29E2 /* Release */ = {
			isa = XCBuildConfiguration;
			buildSettings = {
				ALWAYS_SEARCH_USER_PATHS = NO;
				CLANG_ANALYZER_NONNULL = YES;
				CLANG_ANALYZER_NUMBER_OBJECT_CONVERSION = YES_AGGRESSIVE;
				CLANG_CXX_LANGUAGE_STANDARD = "gnu++0x";
				CLANG_CXX_LIBRARY = "libc++";
				CLANG_ENABLE_MODULES = YES;
				CLANG_ENABLE_OBJC_ARC = YES;
				CLANG_WARN_BOOL_CONVERSION = YES;
				CLANG_WARN_CONSTANT_CONVERSION = YES;
				CLANG_WARN_DIRECT_OBJC_ISA_USAGE = YES_ERROR;
				CLANG_WARN_DOCUMENTATION_COMMENTS = YES;
				CLANG_WARN_EMPTY_BODY = YES;
				CLANG_WARN_ENUM_CONVERSION = YES;
				CLANG_WARN_INFINITE_RECURSION = YES;
				CLANG_WARN_INT_CONVERSION = YES;
				CLANG_WARN_OBJC_ROOT_CLASS = YES_ERROR;
				CLANG_WARN_SUSPICIOUS_MOVE = YES;
				CLANG_WARN_UNREACHABLE_CODE = YES;
				CLANG_WARN__DUPLICATE_METHOD_MATCH = YES;
				"CODE_SIGN_IDENTITY[sdk=iphoneos*]" = "iPhone Developer";
				COPY_PHASE_STRIP = NO;
				DEBUG_INFORMATION_FORMAT = "dwarf-with-dsym";
				ENABLE_NS_ASSERTIONS = NO;
				ENABLE_STRICT_OBJC_MSGSEND = YES;
				GCC_C_LANGUAGE_STANDARD = gnu99;
				GCC_NO_COMMON_BLOCKS = YES;
				GCC_WARN_64_TO_32_BIT_CONVERSION = YES;
				GCC_WARN_ABOUT_RETURN_TYPE = YES_ERROR;
				GCC_WARN_UNDECLARED_SELECTOR = YES;
				GCC_WARN_UNINITIALIZED_AUTOS = YES_AGGRESSIVE;
				GCC_WARN_UNUSED_FUNCTION = YES;
				GCC_WARN_UNUSED_VARIABLE = YES;
				IPHONEOS_DEPLOYMENT_TARGET = 10.3;
				MTL_ENABLE_DEBUG_INFO = NO;
				SDKROOT = iphoneos;
				TARGETED_DEVICE_FAMILY = "1,2";
				VALIDATE_PRODUCT = YES;
			};
			name = Release;
		};
		A10AE16B1EAE5F3200AD29E2 /* Debug */ = {
			isa = XCBuildConfiguration;
			buildSettings = {
				ASSETCATALOG_COMPILER_APPICON_NAME = AppIcon;
				DEVELOPMENT_TEAM = AB9NKXMTZH;
				INFOPLIST_FILE = CoreDataHotel/Info.plist;
				LD_RUNPATH_SEARCH_PATHS = "$(inherited) @executable_path/Frameworks";
				PRODUCT_BUNDLE_IDENTIFIER = com.davidporter.CoreDataHotel;
				PRODUCT_NAME = "$(TARGET_NAME)";
			};
			name = Debug;
		};
		A10AE16C1EAE5F3200AD29E2 /* Release */ = {
			isa = XCBuildConfiguration;
			buildSettings = {
				ASSETCATALOG_COMPILER_APPICON_NAME = AppIcon;
				DEVELOPMENT_TEAM = AB9NKXMTZH;
				INFOPLIST_FILE = CoreDataHotel/Info.plist;
				LD_RUNPATH_SEARCH_PATHS = "$(inherited) @executable_path/Frameworks";
				PRODUCT_BUNDLE_IDENTIFIER = com.davidporter.CoreDataHotel;
				PRODUCT_NAME = "$(TARGET_NAME)";
			};
			name = Release;
		};
/* End XCBuildConfiguration section */

/* Begin XCConfigurationList section */
		A10AE14B1EAE5F3200AD29E2 /* Build configuration list for PBXProject "CoreDataHotel" */ = {
			isa = XCConfigurationList;
			buildConfigurations = (
				A10AE1681EAE5F3200AD29E2 /* Debug */,
				A10AE1691EAE5F3200AD29E2 /* Release */,
			);
			defaultConfigurationIsVisible = 0;
			defaultConfigurationName = Release;
		};
		A10AE16A1EAE5F3200AD29E2 /* Build configuration list for PBXNativeTarget "CoreDataHotel" */ = {
			isa = XCConfigurationList;
			buildConfigurations = (
				A10AE16B1EAE5F3200AD29E2 /* Debug */,
				A10AE16C1EAE5F3200AD29E2 /* Release */,
			);
			defaultConfigurationIsVisible = 0;
			defaultConfigurationName = Release;
		};
/* End XCConfigurationList section */

/* Begin XCVersionGroup section */
		A10AE15F1EAE5F3200AD29E2 /* CoreDataHotel.xcdatamodeld */ = {
			isa = XCVersionGroup;
			children = (
				A10AE1601EAE5F3200AD29E2 /* CoreDataHotel.xcdatamodel */,
			);
			currentVersion = A10AE1601EAE5F3200AD29E2 /* CoreDataHotel.xcdatamodel */;
			path = CoreDataHotel.xcdatamodeld;
			sourceTree = "<group>";
			versionGroupType = wrapper.xcdatamodel;
		};
/* End XCVersionGroup section */
	};
	rootObject = A10AE1481EAE5F3200AD29E2 /* Project object */;
}
